
Microsoft Visual Studio Solution File, Format Version 12.00
# Visual Studio Version 16
VisualStudioVersion = 16.0.31729.503
MinimumVisualStudioVersion = 10.0.40219.1
Project("{9A19103F-16F7-4668-BE54-9A1E7A4F7556}") = "BlogApp", "BlogApp\BlogApp.csproj", "{75A09F59-C8B8-49AF-AF5F-E67A1EA30052}"
EndProject
Global
	GlobalSection(SolutionConfigurationPlatforms) = preSolution
		Debug|Any CPU = Debug|Any CPU
		Release|Any CPU = Release|Any CPU
	EndGlobalSection
	GlobalSection(ProjectConfigurationPlatforms) = postSolution
		{75A09F59-C8B8-49AF-AF5F-E67A1EA30052}.Debug|Any CPU.ActiveCfg = Debug|Any CPU
		{75A09F59-C8B8-49AF-AF5F-E67A1EA30052}.Debug|Any CPU.Build.0 = Debug|Any CPU
		{75A09F59-C8B8-49AF-AF5F-E67A1EA30052}.Release|Any CPU.ActiveCfg = Release|Any CPU
		{75A09F59-C8B8-49AF-AF5F-E67A1EA30052}.Release|Any CPU.Build.0 = Release|Any CPU
	EndGlobalSection
	GlobalSection(SolutionProperties) = preSolution
		HideSolutionNode = FALSE
	EndGlobalSection
	GlobalSection(ExtensibilityGlobals) = postSolution
		SolutionGuid = {A2CC753F-B635-412D-A1DA-144D42D23F14}
	EndGlobalSection
EndGlobal
